{
  "nodes": {
    "nixpkgs": {
      "locked": {
        "lastModified": 1663410121,
        "narHash": "sha256-+SN249gXLmawmwTVo3AhydVoVwgi/gbqutJV7YHrj0Y=",
        "owner": "NixOS",
        "repo": "nixpkgs",
        "rev": "f21492b413295ab60f538d5e1812ab908e3e3292",
        "type": "github"
      },
      "original": {
        "id": "nixpkgs",
        "ref": "nixos-22.05",
        "type": "indirect"
      }
    },
    "root": {
      "inputs": {
        "nixpkgs": "nixpkgs"
      }
    }
  },
  "root": "root",
  "version": 7
}
