{
  "nodes": {
    "comic-dl": {
      "flake": false,
      "locked": {
        "lastModified": 1587976664,
        "narHash": "sha256-jINb8/1EPsW2b/xKwLmxEhOtjGxKgdlsTIXPP7IkV+E=",
        "owner": "Xonshiz",
        "repo": "comic-dl",
        "rev": "a4110ccd1ce5e3e8eea95699a3dbcd00658f87be",
        "type": "github"
      },
      "original": {
        "owner": "Xonshiz",
        "repo": "comic-dl",
        "type": "github"
      }
    },
    "nixpkgs": {
      "locked": {
        "lastModified": 1592495204,
        "narHash": "sha256-+AdAIr4FJCb2ltFY1YsUQYrloBEB8l/snAAmwLvCRhA=",
        "owner": "NixOS",
        "repo": "nixpkgs",
        "rev": "2b417708c282d84316366f4125b00b29c49df10f",
        "type": "github"
      },
      "original": {
        "id": "nixpkgs",
        "ref": "nixos-20.03",
        "type": "indirect"
      }
    },
    "root": {
      "inputs": {
        "comic-dl": "comic-dl",
        "nixpkgs": "nixpkgs"
      }
    }
  },
  "root": "root",
  "version": 7
}
