{
  "inputs": {
    "nixpkgs": {
      "info": {
        "lastModified": 1581348815,
        "narHash": "sha256-ZYGphR59gsdFhtZYDoeuCtULm8ym/qJSHIslih9b1s8="
      },
      "inputs": {},
      "locked": {
        "owner": "edolstra",
        "repo": "nixpkgs",
        "rev": "d959778e0934c4c93896d509a65de798909c7cdd",
        "type": "github"
      },
      "original": {
        "id": "nixpkgs",
        "ref": "release-19.09",
        "type": "indirect"
      }
    }
  },
  "version": 4
}
