{
  "nodes": {
    "nixpkgs": {
      "info": {
        "lastModified": 1587859324,
        "narHash": "sha256-8nBW4PC2UBKKRYXZndyeE88ZTqrFm/N7xrQZpDjTIKg="
      },
      "locked": {
        "owner": "NixOS",
        "repo": "nixpkgs",
        "rev": "74a80c5a9ab04f87d48b91281f8508ee4b631d43",
        "type": "github"
      },
      "original": {
        "id": "nixpkgs",
        "ref": "nixos-20.03",
        "type": "indirect"
      }
    },
    "root": {
      "inputs": {
        "nixpkgs": "nixpkgs"
      }
    }
  },
  "root": "root",
  "version": 5
}
