{
    "inputs": {
        "nixpkgs/release-19.03": {
            "id": "nixpkgs",
            "inputs": {},
            "narHash": "sha256-HQ/wXOy6POACr5BIDoUeFYThgqHxtVfrXVQi95yIljw=",
            "nonFlakeInputs": {},
            "uri": "github:edolstra/nixpkgs/a0e1f50e6f72e5037d71a0b65c67cf0605349a06"
        }
    },
    "nonFlakeInputs": {},
    "version": 2
}
